
Microsoft Visual Studio Solution File, Format Version 12.00
Project("{FAE04EC0-301F-11D3-BF4B-00C04F79EFBC}") = "Quill", "Quill\Quill.csproj", "{5A0540FC-2C5A-4473-9351-B208EDEC535B}"
EndProject
Global
	GlobalSection(SolutionConfigurationPlatforms) = preSolution
		Debug|Any CPU = Debug|Any CPU
		Release|Any CPU = Release|Any CPU
	EndGlobalSection
	GlobalSection(ProjectConfigurationPlatforms) = postSolution
		{5A0540FC-2C5A-4473-9351-B208EDEC535B}.Debug|Any CPU.ActiveCfg = Debug|Any CPU
		{5A0540FC-2C5A-4473-9351-B208EDEC535B}.Debug|Any CPU.Build.0 = Debug|Any CPU
		{5A0540FC-2C5A-4473-9351-B208EDEC535B}.Release|Any CPU.ActiveCfg = Release|Any CPU
		{5A0540FC-2C5A-4473-9351-B208EDEC535B}.Release|Any CPU.Build.0 = Release|Any CPU
	EndGlobalSection
EndGlobal
